<?xml version="1.0" encoding="UTF-8" standalone="yes" ?>
<CodeBlocks_project_file>
	<FileVersion major="1" minor="6" />
	<Project>
		<Option title="CaravanaDelDesierto" />
		<Option pch_mode="2" />
		<Option compiler="gcc" />
		<Build>
			<Target title="Debug">
				<Option output="bin/Debug/CaravanaDelDesierto" prefix_auto="1" extension_auto="1" />
				<Option object_output="obj/Debug/" />
				<Option type="1" />
				<Option compiler="gcc" />
				<Compiler>
					<Add option="-g" />
				</Compiler>
			</Target>
			<Target title="Release">
				<Option output="bin/Release/CaravanaDelDesierto" prefix_auto="1" extension_auto="1" />
				<Option object_output="obj/Release/" />
				<Option type="1" />
				<Option compiler="gcc" />
				<Compiler>
					<Add option="-O2" />
				</Compiler>
				<Linker>
					<Add option="-s" />
				</Linker>
			</Target>
		</Build>
		<Compiler>
			<Add option="-Wall" />
		</Compiler>
		<Unit filename="files/arbol.c">
			<Option compilerVar="CC" />
		</Unit>
		<Unit filename="files/arbol.h" />
		<Unit filename="files/cola.c">
			<Option compilerVar="CC" />
		</Unit>
		<Unit filename="files/cola.h" />
		<Unit filename="files/config.c">
			<Option compilerVar="CC" />
		</Unit>
		<Unit filename="files/config.h" />
		<Unit filename="files/consola.c">
			<Option compilerVar="CC" />
		</Unit>
		<Unit filename="files/consola.h" />
		<Unit filename="files/jugador.c">
			<Option compilerVar="CC" />
		</Unit>
		<Unit filename="files/jugador.h" />
		<Unit filename="files/lista.c">
			<Option compilerVar="CC" />
		</Unit>
		<Unit filename="files/lista.h" />
		<Unit filename="files/main.c">
			<Option compilerVar="CC" />
		</Unit>
		<Unit filename="files/main.h" />
		<Unit filename="files/menu.c">
			<Option compilerVar="CC" />
		</Unit>
		<Unit filename="files/menu.h" />
		<Unit filename="files/movimiento.c">
			<Option compilerVar="CC" />
		</Unit>
		<Unit filename="files/movimiento.h" />
		<Unit filename="files/partida.c">
			<Option compilerVar="CC" />
		</Unit>
		<Unit filename="files/partida.h" />
		<Unit filename="files/ranking.c">
			<Option compilerVar="CC" />
		</Unit>
		<Unit filename="files/ranking.h" />
		<Unit filename="files/registro.c">
			<Option compilerVar="CC" />
		</Unit>
		<Unit filename="files/registro.h" />
		<Unit filename="files/tablero.c">
			<Option compilerVar="CC" />
		</Unit>
		<Unit filename="files/tablero.h" />
		<Extensions>
			<lib_finder disable_auto="1" />
		</Extensions>
	</Project>
</CodeBlocks_project_file>
